
Microsoft Visual Studio Solution File, Format Version 12.00
# Visual Studio Version 17
VisualStudioVersion = 17.1.32210.238
MinimumVisualStudioVersion = 10.0.40219.1
Project("{FAE04EC0-301F-11D3-BF4B-00C04F79EFBC}") = "pCalculadora", "pCalculadora\pCalculadora.csproj", "{479C45D6-85C0-436F-B941-D546B6A57517}"
EndProject
Global
	GlobalSection(SolutionConfigurationPlatforms) = preSolution
		Debug|Any CPU = Debug|Any CPU
		Release|Any CPU = Release|Any CPU
	EndGlobalSection
	GlobalSection(ProjectConfigurationPlatforms) = postSolution
		{479C45D6-85C0-436F-B941-D546B6A57517}.Debug|Any CPU.ActiveCfg = Debug|Any CPU
		{479C45D6-85C0-436F-B941-D546B6A57517}.Debug|Any CPU.Build.0 = Debug|Any CPU
		{479C45D6-85C0-436F-B941-D546B6A57517}.Release|Any CPU.ActiveCfg = Release|Any CPU
		{479C45D6-85C0-436F-B941-D546B6A57517}.Release|Any CPU.Build.0 = Release|Any CPU
	EndGlobalSection
	GlobalSection(SolutionProperties) = preSolution
		HideSolutionNode = FALSE
	EndGlobalSection
	GlobalSection(ExtensibilityGlobals) = postSolution
		SolutionGuid = {0238EB76-5452-4C4F-B2BC-9FE2E1017CCC}
	EndGlobalSection
EndGlobal
