
Microsoft Visual Studio Solution File, Format Version 12.00
# Visual Studio Version 16
VisualStudioVersion = 16.0.29519.181
MinimumVisualStudioVersion = 10.0.40219.1
Project("{FAE04EC0-301F-11D3-BF4B-00C04F79EFBC}") = "PCampeonato", "PCampeonato\PCampeonato.csproj", "{A939EA4A-4375-4199-978E-35CBBA98B9A0}"
EndProject
Global
	GlobalSection(SolutionConfigurationPlatforms) = preSolution
		Debug|Any CPU = Debug|Any CPU
		Release|Any CPU = Release|Any CPU
	EndGlobalSection
	GlobalSection(ProjectConfigurationPlatforms) = postSolution
		{A939EA4A-4375-4199-978E-35CBBA98B9A0}.Debug|Any CPU.ActiveCfg = Debug|Any CPU
		{A939EA4A-4375-4199-978E-35CBBA98B9A0}.Debug|Any CPU.Build.0 = Debug|Any CPU
		{A939EA4A-4375-4199-978E-35CBBA98B9A0}.Release|Any CPU.ActiveCfg = Release|Any CPU
		{A939EA4A-4375-4199-978E-35CBBA98B9A0}.Release|Any CPU.Build.0 = Release|Any CPU
	EndGlobalSection
	GlobalSection(SolutionProperties) = preSolution
		HideSolutionNode = FALSE
	EndGlobalSection
	GlobalSection(ExtensibilityGlobals) = postSolution
		SolutionGuid = {5FAD4900-3D89-44C0-A55D-51D0864850E5}
	EndGlobalSection
EndGlobal
